
Microsoft Visual Studio Solution File, Format Version 12.00
# Visual Studio Version 17
VisualStudioVersion = 17.3.32929.385
MinimumVisualStudioVersion = 10.0.40219.1
Project("{FAE04EC0-301F-11D3-BF4B-00C04F79EFBC}") = "WFA221114_1", "WFA221114_1.csproj", "{D83557C8-BF94-48B0-A571-706B592CB95A}"
EndProject
Global
	GlobalSection(SolutionConfigurationPlatforms) = preSolution
		Debug|Any CPU = Debug|Any CPU
		Release|Any CPU = Release|Any CPU
	EndGlobalSection
	GlobalSection(ProjectConfigurationPlatforms) = postSolution
		{D83557C8-BF94-48B0-A571-706B592CB95A}.Debug|Any CPU.ActiveCfg = Debug|Any CPU
		{D83557C8-BF94-48B0-A571-706B592CB95A}.Debug|Any CPU.Build.0 = Debug|Any CPU
		{D83557C8-BF94-48B0-A571-706B592CB95A}.Release|Any CPU.ActiveCfg = Release|Any CPU
		{D83557C8-BF94-48B0-A571-706B592CB95A}.Release|Any CPU.Build.0 = Release|Any CPU
	EndGlobalSection
	GlobalSection(SolutionProperties) = preSolution
		HideSolutionNode = FALSE
	EndGlobalSection
	GlobalSection(ExtensibilityGlobals) = postSolution
		SolutionGuid = {5877E672-45C0-4FCC-B43C-70AEC0E2DCF6}
	EndGlobalSection
EndGlobal
